
Microsoft Visual Studio Solution File, Format Version 12.00
# Visual Studio 2012
VisualStudioVersion = 14.0.23107.0
MinimumVisualStudioVersion = 10.0.40219.1
Project("{FAE04EC0-301F-11D3-BF4B-00C04F79EFBC}") = "MultiModeLamp.UITest", "MultiModeLamp.UITest\MultiModeLamp.UITest.csproj", "{75FE0080-3D1C-4138-B0F6-6B4541C84939}"
EndProject
Project("{FAE04EC0-301F-11D3-BF4B-00C04F79EFBC}") = "MultiModeLamp", "MultiModeLamp\MultiModeLamp.csproj", "{3BFD173D-AD96-4315-871F-24685DA65075}"
EndProject
Global
	GlobalSection(SolutionConfigurationPlatforms) = preSolution
		Ad-Hoc|iPhone = Ad-Hoc|iPhone
		Ad-Hoc|iPhoneSimulator = Ad-Hoc|iPhoneSimulator
		AppStore|iPhone = AppStore|iPhone
		AppStore|iPhoneSimulator = AppStore|iPhoneSimulator
		Debug|iPhone = Debug|iPhone
		Debug|iPhoneSimulator = Debug|iPhoneSimulator
		Release|iPhone = Release|iPhone
		Release|iPhoneSimulator = Release|iPhoneSimulator
	EndGlobalSection
	GlobalSection(ProjectConfigurationPlatforms) = postSolution
		{3BFD173D-AD96-4315-871F-24685DA65075}.Ad-Hoc|iPhone.ActiveCfg = Ad-Hoc|iPhone
		{3BFD173D-AD96-4315-871F-24685DA65075}.Ad-Hoc|iPhone.Build.0 = Ad-Hoc|iPhone
		{3BFD173D-AD96-4315-871F-24685DA65075}.Ad-Hoc|iPhoneSimulator.ActiveCfg = Ad-Hoc|iPhone
		{3BFD173D-AD96-4315-871F-24685DA65075}.Ad-Hoc|iPhoneSimulator.Build.0 = Ad-Hoc|iPhone
		{3BFD173D-AD96-4315-871F-24685DA65075}.AppStore|iPhone.ActiveCfg = AppStore|iPhone
		{3BFD173D-AD96-4315-871F-24685DA65075}.AppStore|iPhone.Build.0 = AppStore|iPhone
		{3BFD173D-AD96-4315-871F-24685DA65075}.AppStore|iPhoneSimulator.ActiveCfg = Ad-Hoc|iPhone
		{3BFD173D-AD96-4315-871F-24685DA65075}.AppStore|iPhoneSimulator.Build.0 = Ad-Hoc|iPhone
		{3BFD173D-AD96-4315-871F-24685DA65075}.Debug|iPhone.ActiveCfg = Debug|iPhone
		{3BFD173D-AD96-4315-871F-24685DA65075}.Debug|iPhone.Build.0 = Debug|iPhone
		{3BFD173D-AD96-4315-871F-24685DA65075}.Debug|iPhoneSimulator.ActiveCfg = Debug|iPhoneSimulator
		{3BFD173D-AD96-4315-871F-24685DA65075}.Debug|iPhoneSimulator.Build.0 = Debug|iPhoneSimulator
		{3BFD173D-AD96-4315-871F-24685DA65075}.Release|iPhone.ActiveCfg = Release|iPhone
		{3BFD173D-AD96-4315-871F-24685DA65075}.Release|iPhone.Build.0 = Release|iPhone
		{3BFD173D-AD96-4315-871F-24685DA65075}.Release|iPhoneSimulator.ActiveCfg = Release|iPhoneSimulator
		{3BFD173D-AD96-4315-871F-24685DA65075}.Release|iPhoneSimulator.Build.0 = Release|iPhoneSimulator
		{75FE0080-3D1C-4138-B0F6-6B4541C84939}.Ad-Hoc|iPhone.ActiveCfg = Release|Any CPU
		{75FE0080-3D1C-4138-B0F6-6B4541C84939}.Ad-Hoc|iPhone.Build.0 = Release|Any CPU
		{75FE0080-3D1C-4138-B0F6-6B4541C84939}.Ad-Hoc|iPhoneSimulator.ActiveCfg = Release|Any CPU
		{75FE0080-3D1C-4138-B0F6-6B4541C84939}.Ad-Hoc|iPhoneSimulator.Build.0 = Release|Any CPU
		{75FE0080-3D1C-4138-B0F6-6B4541C84939}.AppStore|iPhone.ActiveCfg = Release|Any CPU
		{75FE0080-3D1C-4138-B0F6-6B4541C84939}.AppStore|iPhone.Build.0 = Release|Any CPU
		{75FE0080-3D1C-4138-B0F6-6B4541C84939}.AppStore|iPhoneSimulator.ActiveCfg = Release|Any CPU
		{75FE0080-3D1C-4138-B0F6-6B4541C84939}.AppStore|iPhoneSimulator.Build.0 = Release|Any CPU
		{75FE0080-3D1C-4138-B0F6-6B4541C84939}.Debug|iPhone.ActiveCfg = Debug|Any CPU
		{75FE0080-3D1C-4138-B0F6-6B4541C84939}.Debug|iPhone.Build.0 = Debug|Any CPU
		{75FE0080-3D1C-4138-B0F6-6B4541C84939}.Debug|iPhoneSimulator.ActiveCfg = Debug|Any CPU
		{75FE0080-3D1C-4138-B0F6-6B4541C84939}.Debug|iPhoneSimulator.Build.0 = Debug|Any CPU
		{75FE0080-3D1C-4138-B0F6-6B4541C84939}.Release|iPhone.ActiveCfg = Release|Any CPU
		{75FE0080-3D1C-4138-B0F6-6B4541C84939}.Release|iPhone.Build.0 = Release|Any CPU
		{75FE0080-3D1C-4138-B0F6-6B4541C84939}.Release|iPhoneSimulator.ActiveCfg = Release|Any CPU
		{75FE0080-3D1C-4138-B0F6-6B4541C84939}.Release|iPhoneSimulator.Build.0 = Release|Any CPU
	EndGlobalSection
	GlobalSection(SolutionProperties) = preSolution
		HideSolutionNode = FALSE
	EndGlobalSection
EndGlobal
